
Microsoft Visual Studio Solution File, Format Version 12.00
# Visual Studio Version 17
VisualStudioVersion = 17.14.35906.104
MinimumVisualStudioVersion = 10.0.40219.1
Project("{FAE04EC0-301F-11D3-BF4B-00C04F79EFBC}") = "MeasureImage", "MeasureImage\MeasureImage.csproj", "{DCC3B3FB-2997-437A-BBB8-527ECDF9A2D6}"
EndProject
Project("{FAE04EC0-301F-11D3-BF4B-00C04F79EFBC}") = "Simulator", "Simulator\Simulator.csproj", "{5CEAAC00-B8E4-4A77-89DD-6B4C1A0C2951}"
EndProject
Global
	GlobalSection(SolutionConfigurationPlatforms) = preSolution
		Debug|Any CPU = Debug|Any CPU
		Release|Any CPU = Release|Any CPU
	EndGlobalSection
	GlobalSection(ProjectConfigurationPlatforms) = postSolution
		{DCC3B3FB-2997-437A-BBB8-527ECDF9A2D6}.Debug|Any CPU.ActiveCfg = Debug|Any CPU
		{DCC3B3FB-2997-437A-BBB8-527ECDF9A2D6}.Debug|Any CPU.Build.0 = Debug|Any CPU
		{DCC3B3FB-2997-437A-BBB8-527ECDF9A2D6}.Release|Any CPU.ActiveCfg = Release|Any CPU
		{DCC3B3FB-2997-437A-BBB8-527ECDF9A2D6}.Release|Any CPU.Build.0 = Release|Any CPU
		{5CEAAC00-B8E4-4A77-89DD-6B4C1A0C2951}.Debug|Any CPU.ActiveCfg = Debug|Any CPU
		{5CEAAC00-B8E4-4A77-89DD-6B4C1A0C2951}.Debug|Any CPU.Build.0 = Debug|Any CPU
		{5CEAAC00-B8E4-4A77-89DD-6B4C1A0C2951}.Release|Any CPU.ActiveCfg = Release|Any CPU
		{5CEAAC00-B8E4-4A77-89DD-6B4C1A0C2951}.Release|Any CPU.Build.0 = Release|Any CPU
	EndGlobalSection
	GlobalSection(SolutionProperties) = preSolution
		HideSolutionNode = FALSE
	EndGlobalSection
	GlobalSection(ExtensibilityGlobals) = postSolution
		SolutionGuid = {6EA4C271-2BCA-4760-B6BD-B5159286098A}
	EndGlobalSection
EndGlobal
